
Microsoft Visual Studio Solution File, Format Version 12.00
# Visual Studio 15
VisualStudioVersion = 15.0.26730.16
MinimumVisualStudioVersion = 10.0.40219.1
Project("{FAE04EC0-301F-11D3-BF4B-00C04F79EFBC}") = "Mist of Memories - Project", "Mist of Memories - Project.csproj", "{8009510E-C945-9B83-0CE7-ECD944D58BAA}"
EndProject
Project("{FAE04EC0-301F-11D3-BF4B-00C04F79EFBC}") = "Mist of Memories - Project.Editor", "Mist of Memories - Project.Editor.csproj", "{55805E1E-5AA1-FB27-7C26-61F8BE1F5FA1}"
EndProject
Global
	GlobalSection(SolutionConfigurationPlatforms) = preSolution
		Debug|Any CPU = Debug|Any CPU
		Release|Any CPU = Release|Any CPU
	EndGlobalSection
	GlobalSection(ProjectConfigurationPlatforms) = postSolution
		{8009510E-C945-9B83-0CE7-ECD944D58BAA}.Debug|Any CPU.ActiveCfg = Debug|Any CPU
		{8009510E-C945-9B83-0CE7-ECD944D58BAA}.Debug|Any CPU.Build.0 = Debug|Any CPU
		{8009510E-C945-9B83-0CE7-ECD944D58BAA}.Release|Any CPU.ActiveCfg = Release|Any CPU
		{8009510E-C945-9B83-0CE7-ECD944D58BAA}.Release|Any CPU.Build.0 = Release|Any CPU
		{55805E1E-5AA1-FB27-7C26-61F8BE1F5FA1}.Debug|Any CPU.ActiveCfg = Debug|Any CPU
		{55805E1E-5AA1-FB27-7C26-61F8BE1F5FA1}.Debug|Any CPU.Build.0 = Debug|Any CPU
		{55805E1E-5AA1-FB27-7C26-61F8BE1F5FA1}.Release|Any CPU.ActiveCfg = Release|Any CPU
		{55805E1E-5AA1-FB27-7C26-61F8BE1F5FA1}.Release|Any CPU.Build.0 = Release|Any CPU
	EndGlobalSection
	GlobalSection(SolutionProperties) = preSolution
		HideSolutionNode = FALSE
	EndGlobalSection
	GlobalSection(ExtensibilityGlobals) = postSolution
		SolutionGuid = {3701BBFD-2B93-406F-8993-1F1B649D332A}
	EndGlobalSection
EndGlobal
